
Microsoft Visual Studio Solution File, Format Version 12.00
# Visual Studio Version 17
VisualStudioVersion = 17.0.32126.317
MinimumVisualStudioVersion = 10.0.40219.1
Project("{FAE04EC0-301F-11D3-BF4B-00C04F79EFBC}") = "Grpc_Server", "Grpc_Server\Grpc_Server.csproj", "{464A96F8-1CB2-4B20-A406-162354BDE11B}"
EndProject
Project("{FAE04EC0-301F-11D3-BF4B-00C04F79EFBC}") = "Grpc_Client", "Grpc_Client\Grpc_Client.csproj", "{D5EFBCDE-6667-451C-B538-41DF700DBD47}"
EndProject
Global
	GlobalSection(SolutionConfigurationPlatforms) = preSolution
		Debug|Any CPU = Debug|Any CPU
		Release|Any CPU = Release|Any CPU
	EndGlobalSection
	GlobalSection(ProjectConfigurationPlatforms) = postSolution
		{464A96F8-1CB2-4B20-A406-162354BDE11B}.Debug|Any CPU.ActiveCfg = Debug|Any CPU
		{464A96F8-1CB2-4B20-A406-162354BDE11B}.Debug|Any CPU.Build.0 = Debug|Any CPU
		{464A96F8-1CB2-4B20-A406-162354BDE11B}.Release|Any CPU.ActiveCfg = Release|Any CPU
		{464A96F8-1CB2-4B20-A406-162354BDE11B}.Release|Any CPU.Build.0 = Release|Any CPU
		{D5EFBCDE-6667-451C-B538-41DF700DBD47}.Debug|Any CPU.ActiveCfg = Debug|Any CPU
		{D5EFBCDE-6667-451C-B538-41DF700DBD47}.Debug|Any CPU.Build.0 = Debug|Any CPU
		{D5EFBCDE-6667-451C-B538-41DF700DBD47}.Release|Any CPU.ActiveCfg = Release|Any CPU
		{D5EFBCDE-6667-451C-B538-41DF700DBD47}.Release|Any CPU.Build.0 = Release|Any CPU
	EndGlobalSection
	GlobalSection(SolutionProperties) = preSolution
		HideSolutionNode = FALSE
	EndGlobalSection
	GlobalSection(ExtensibilityGlobals) = postSolution
		SolutionGuid = {F9C71449-1ADC-4659-854A-9B9191112398}
	EndGlobalSection
EndGlobal
